
Microsoft Visual Studio Solution File, Format Version 12.00
# Visual Studio Version 16
VisualStudioVersion = 16.0.31613.86
MinimumVisualStudioVersion = 10.0.40219.1
Project("{FAE04EC0-301F-11D3-BF4B-00C04F79EFBC}") = "Hangman_Game", "Hangman_Game\Hangman_Game.csproj", "{20CFC83C-E545-4FF4-B80B-BFC9ED210286}"
EndProject
Global
	GlobalSection(SolutionConfigurationPlatforms) = preSolution
		Debug|Any CPU = Debug|Any CPU
		Release|Any CPU = Release|Any CPU
	EndGlobalSection
	GlobalSection(ProjectConfigurationPlatforms) = postSolution
		{20CFC83C-E545-4FF4-B80B-BFC9ED210286}.Debug|Any CPU.ActiveCfg = Debug|Any CPU
		{20CFC83C-E545-4FF4-B80B-BFC9ED210286}.Debug|Any CPU.Build.0 = Debug|Any CPU
		{20CFC83C-E545-4FF4-B80B-BFC9ED210286}.Release|Any CPU.ActiveCfg = Release|Any CPU
		{20CFC83C-E545-4FF4-B80B-BFC9ED210286}.Release|Any CPU.Build.0 = Release|Any CPU
	EndGlobalSection
	GlobalSection(SolutionProperties) = preSolution
		HideSolutionNode = FALSE
	EndGlobalSection
	GlobalSection(ExtensibilityGlobals) = postSolution
		SolutionGuid = {6DCD9415-FD39-4D6C-AE2D-B42958F6050A}
	EndGlobalSection
EndGlobal
